{
  "name": "Pokemon-Web-Pokedex",
  "lockfileVersion": 2,
  "requires": true,
  "packages": {
    "": {
      "dependencies": {
        "pokemon-sprites": "github:PokeAPI/sprites"
      }
    },
    "node_modules/pokemon-sprites": {
      "version": "1.0.0",
      "resolved": "git+ssh://git@github.com/PokeAPI/sprites.git#dcc711a0627510629ce2350f6adfade7a41a7dd5",
      "license": "ISC"
    }
  },
  "dependencies": {
    "pokemon-sprites": {
      "version": "git+ssh://git@github.com/PokeAPI/sprites.git#dcc711a0627510629ce2350f6adfade7a41a7dd5",
      "from": "pokemon-sprites@github:PokeAPI/sprites"
    }
  }
}
